<?xml version="1.0" encoding="utf-8"?>
<Project ToolsVersion="4.0" xmlns="http://schemas.microsoft.com/developer/msbuild/2003">
  <ItemGroup>
    <Filter Include="Header Files">
      <UniqueIdentifier>{c8036274-273e-48a6-be7d-f66295d68af8}</UniqueIdentifier>
    </Filter>
    <Filter Include="Source Files">
      <UniqueIdentifier>{382ff165-dfcd-4fe3-bb9b-491da67e2084}</UniqueIdentifier>
    </Filter>
  </ItemGroup>
  <ItemGroup>
    <ClCompile Include="stdafx.cpp">
      <Filter>Source Files</Filter>
    </ClCompile>
    <ClCompile Include="fcore.cpp">
      <Filter>Source Files</Filter>
    </ClCompile>
    <ClCompile Include="fstring.cpp">
      <Filter>Source Files</Filter>
    </ClCompile>
    <ClCompile Include="fcs.cpp">
      <Filter>Source Files</Filter>
    </ClCompile>
    <ClCompile Include="fserivce.cpp">
      <Filter>Source Files</Filter>
    </ClCompile>
    <ClCompile Include="fbuffer.cpp">
      <Filter>Source Files</Filter>
    </ClCompile>
    <ClCompile Include="fthread.cpp">
      <Filter>Source Files</Filter>
    </ClCompile>
    <ClCompile Include="fcloud.cpp">
      <Filter>Source Files</Filter>
    </ClCompile>
  </ItemGroup>
  <ItemGroup>
    <ClInclude Include="stdafx.h">
      <Filter>Header Files</Filter>
    </ClInclude>
    <ClInclude Include="targetver.h">
      <Filter>Header Files</Filter>
    </ClInclude>
    <ClInclude Include="fcore.h">
      <Filter>Header Files</Filter>
    </ClInclude>
    <ClInclude Include="fbase.h">
      <Filter>Header Files</Filter>
    </ClInclude>
  </ItemGroup>
</Project>