
Microsoft Visual Studio Solution File, Format Version 11.00
# Visual Studio 2010
Project("{2150E333-8FDC-42A3-9474-1A3956D46DE8}") = "1.Native Libs", "1.Native Libs", "{9ECA8D9A-E460-4252-B497-3D318B643718}"
EndProject
Project("{8BC9CEB8-8B4A-11D0-8D11-00A0C91BC942}") = "fcore", "fcore\fcore.vcxproj", "{5C464891-DED8-4409-B174-ACC819C0FC17}"
EndProject
Project("{2150E333-8FDC-42A3-9474-1A3956D46DE8}") = "Examples", "Examples", "{B927CC1F-F32B-4E68-8E7E-3333868EF557}"
EndProject
Global
	GlobalSection(SolutionConfigurationPlatforms) = preSolution
		MDD|x64 = MDD|x64
		MDD|x86 = MDD|x86
		MDR|x64 = MDR|x64
		MDR|x86 = MDR|x86
		MSD|x64 = MSD|x64
		MSD|x86 = MSD|x86
		MSR|x64 = MSR|x64
		MSR|x86 = MSR|x86
	EndGlobalSection
	GlobalSection(ProjectConfigurationPlatforms) = postSolution
		{5C464891-DED8-4409-B174-ACC819C0FC17}.MDD|x64.ActiveCfg = MDD|x64
		{5C464891-DED8-4409-B174-ACC819C0FC17}.MDD|x64.Build.0 = MDD|x64
		{5C464891-DED8-4409-B174-ACC819C0FC17}.MDD|x86.ActiveCfg = MDD|Win32
		{5C464891-DED8-4409-B174-ACC819C0FC17}.MDD|x86.Build.0 = MDD|Win32
		{5C464891-DED8-4409-B174-ACC819C0FC17}.MDR|x64.ActiveCfg = MDR|x64
		{5C464891-DED8-4409-B174-ACC819C0FC17}.MDR|x64.Build.0 = MDR|x64
		{5C464891-DED8-4409-B174-ACC819C0FC17}.MDR|x86.ActiveCfg = MDR|Win32
		{5C464891-DED8-4409-B174-ACC819C0FC17}.MDR|x86.Build.0 = MDR|Win32
		{5C464891-DED8-4409-B174-ACC819C0FC17}.MSD|x64.ActiveCfg = MSD|x64
		{5C464891-DED8-4409-B174-ACC819C0FC17}.MSD|x64.Build.0 = MSD|x64
		{5C464891-DED8-4409-B174-ACC819C0FC17}.MSD|x86.ActiveCfg = MSD|Win32
		{5C464891-DED8-4409-B174-ACC819C0FC17}.MSD|x86.Build.0 = MSD|Win32
		{5C464891-DED8-4409-B174-ACC819C0FC17}.MSR|x64.ActiveCfg = MSR|x64
		{5C464891-DED8-4409-B174-ACC819C0FC17}.MSR|x64.Build.0 = MSR|x64
		{5C464891-DED8-4409-B174-ACC819C0FC17}.MSR|x86.ActiveCfg = MSR|Win32
		{5C464891-DED8-4409-B174-ACC819C0FC17}.MSR|x86.Build.0 = MSR|Win32
	EndGlobalSection
	GlobalSection(SolutionProperties) = preSolution
		HideSolutionNode = FALSE
	EndGlobalSection
	GlobalSection(NestedProjects) = preSolution
		{5C464891-DED8-4409-B174-ACC819C0FC17} = {9ECA8D9A-E460-4252-B497-3D318B643718}
	EndGlobalSection
EndGlobal
